// !$*UTF8*$!
{
	archiveVersion = 1;
	classes = {
	};
	objectVersion = 46;
	objects = {

/* Begin PBXBuildFile section */
		B69C11EE1EDF28FA002EAD7F /* CoreDataStack.swift in Sources */ = {isa = PBXBuildFile; fileRef = B69C11ED1EDF28FA002EAD7F /* CoreDataStack.swift */; };
		B69C11F11EDF2B87002EAD7F /* Playlist.xcdatamodeld in Sources */ = {isa = PBXBuildFile; fileRef = B69C11EF1EDF2B87002EAD7F /* Playlist.xcdatamodeld */; };
		B69C11F31EDF2F46002EAD7F /* Playlist+Convenience.swift in Sources */ = {isa = PBXBuildFile; fileRef = B69C11F21EDF2F46002EAD7F /* Playlist+Convenience.swift */; };
		B69C11F51EDF31D6002EAD7F /* Song+Convenience.swift in Sources */ = {isa = PBXBuildFile; fileRef = B69C11F41EDF31D6002EAD7F /* Song+Convenience.swift */; };
		B6F89F051ED5E687007DB860 /* AppDelegate.swift in Sources */ = {isa = PBXBuildFile; fileRef = B6F89F041ED5E687007DB860 /* AppDelegate.swift */; };
		B6F89F0A1ED5E687007DB860 /* Main.storyboard in Resources */ = {isa = PBXBuildFile; fileRef = B6F89F081ED5E687007DB860 /* Main.storyboard */; };
		B6F89F0C1ED5E687007DB860 /* Assets.xcassets in Resources */ = {isa = PBXBuildFile; fileRef = B6F89F0B1ED5E687007DB860 /* Assets.xcassets */; };
		B6F89F0F1ED5E687007DB860 /* LaunchScreen.storyboard in Resources */ = {isa = PBXBuildFile; fileRef = B6F89F0D1ED5E687007DB860 /* LaunchScreen.storyboard */; };
		B6F89F171ED5EDA7007DB860 /* PlaylistTableViewController.swift in Sources */ = {isa = PBXBuildFile; fileRef = B6F89F161ED5EDA7007DB860 /* PlaylistTableViewController.swift */; };
		B6F89F191ED5EDCD007DB860 /* SongsTableViewController.swift in Sources */ = {isa = PBXBuildFile; fileRef = B6F89F181ED5EDCD007DB860 /* SongsTableViewController.swift */; };
		B6F89F401ED5F805007DB860 /* SongController.swift in Sources */ = {isa = PBXBuildFile; fileRef = B6F89F3F1ED5F805007DB860 /* SongController.swift */; };
		B6F89F481ED5F8DC007DB860 /* PlaylistController.swift in Sources */ = {isa = PBXBuildFile; fileRef = B6F89F471ED5F8DC007DB860 /* PlaylistController.swift */; };
/* End PBXBuildFile section */

/* Begin PBXFileReference section */
		B69C11ED1EDF28FA002EAD7F /* CoreDataStack.swift */ = {isa = PBXFileReference; fileEncoding = 4; lastKnownFileType = sourcecode.swift; path = CoreDataStack.swift; sourceTree = "<group>"; };
		B69C11F01EDF2B87002EAD7F /* Playlist.xcdatamodel */ = {isa = PBXFileReference; lastKnownFileType = wrapper.xcdatamodel; path = Playlist.xcdatamodel; sourceTree = "<group>"; };
		B69C11F21EDF2F46002EAD7F /* Playlist+Convenience.swift */ = {isa = PBXFileReference; fileEncoding = 4; lastKnownFileType = sourcecode.swift; path = "Playlist+Convenience.swift"; sourceTree = "<group>"; };
		B69C11F41EDF31D6002EAD7F /* Song+Convenience.swift */ = {isa = PBXFileReference; fileEncoding = 4; lastKnownFileType = sourcecode.swift; path = "Song+Convenience.swift"; sourceTree = "<group>"; };
		B6F89F011ED5E687007DB860 /* Playlist.app */ = {isa = PBXFileReference; explicitFileType = wrapper.application; includeInIndex = 0; path = Playlist.app; sourceTree = BUILT_PRODUCTS_DIR; };
		B6F89F041ED5E687007DB860 /* AppDelegate.swift */ = {isa = PBXFileReference; lastKnownFileType = sourcecode.swift; path = AppDelegate.swift; sourceTree = "<group>"; };
		B6F89F091ED5E687007DB860 /* Base */ = {isa = PBXFileReference; lastKnownFileType = file.storyboard; name = Base; path = Base.lproj/Main.storyboard; sourceTree = "<group>"; };
		B6F89F0B1ED5E687007DB860 /* Assets.xcassets */ = {isa = PBXFileReference; lastKnownFileType = folder.assetcatalog; path = Assets.xcassets; sourceTree = "<group>"; };
		B6F89F0E1ED5E687007DB860 /* Base */ = {isa = PBXFileReference; lastKnownFileType = file.storyboard; name = Base; path = Base.lproj/LaunchScreen.storyboard; sourceTree = "<group>"; };
		B6F89F101ED5E687007DB860 /* Info.plist */ = {isa = PBXFileReference; lastKnownFileType = text.plist.xml; path = Info.plist; sourceTree = "<group>"; };
		B6F89F161ED5EDA7007DB860 /* PlaylistTableViewController.swift */ = {isa = PBXFileReference; fileEncoding = 4; lastKnownFileType = sourcecode.swift; path = PlaylistTableViewController.swift; sourceTree = "<group>"; };
		B6F89F181ED5EDCD007DB860 /* SongsTableViewController.swift */ = {isa = PBXFileReference; fileEncoding = 4; lastKnownFileType = sourcecode.swift; path = SongsTableViewController.swift; sourceTree = "<group>"; };
		B6F89F3F1ED5F805007DB860 /* SongController.swift */ = {isa = PBXFileReference; fileEncoding = 4; lastKnownFileType = sourcecode.swift; path = SongController.swift; sourceTree = "<group>"; };
		B6F89F471ED5F8DC007DB860 /* PlaylistController.swift */ = {isa = PBXFileReference; fileEncoding = 4; lastKnownFileType = sourcecode.swift; path = PlaylistController.swift; sourceTree = "<group>"; };
/* End PBXFileReference section */

/* Begin PBXFrameworksBuildPhase section */
		B6F89EFE1ED5E687007DB860 /* Frameworks */ = {
			isa = PBXFrameworksBuildPhase;
			buildActionMask = 2147483647;
			files = (
			);
			runOnlyForDeploymentPostprocessing = 0;
		};
/* End PBXFrameworksBuildPhase section */

/* Begin PBXGroup section */
		B6F89EF81ED5E687007DB860 = {
			isa = PBXGroup;
			children = (
				B6F89F031ED5E687007DB860 /* Playlist */,
				B6F89F021ED5E687007DB860 /* Products */,
			);
			sourceTree = "<group>";
		};
		B6F89F021ED5E687007DB860 /* Products */ = {
			isa = PBXGroup;
			children = (
				B6F89F011ED5E687007DB860 /* Playlist.app */,
			);
			name = Products;
			sourceTree = "<group>";
		};
		B6F89F031ED5E687007DB860 /* Playlist */ = {
			isa = PBXGroup;
			children = (
				B6F89F411ED5F846007DB860 /* Model */,
				B6F89F421ED5F850007DB860 /* ModelController */,
				B6F89F441ED5F87D007DB860 /* ViewControllers */,
				B6F89F081ED5E687007DB860 /* Main.storyboard */,
				B6F89F431ED5F870007DB860 /* Resources */,
			);
			path = Playlist;
			sourceTree = "<group>";
		};
		B6F89F411ED5F846007DB860 /* Model */ = {
			isa = PBXGroup;
			children = (
				B69C11EF1EDF2B87002EAD7F /* Playlist.xcdatamodeld */,
				B69C11F21EDF2F46002EAD7F /* Playlist+Convenience.swift */,
				B69C11F41EDF31D6002EAD7F /* Song+Convenience.swift */,
			);
			name = Model;
			sourceTree = "<group>";
		};
		B6F89F421ED5F850007DB860 /* ModelController */ = {
			isa = PBXGroup;
			children = (
				B6F89F3F1ED5F805007DB860 /* SongController.swift */,
				B6F89F471ED5F8DC007DB860 /* PlaylistController.swift */,
			);
			name = ModelController;
			sourceTree = "<group>";
		};
		B6F89F431ED5F870007DB860 /* Resources */ = {
			isa = PBXGroup;
			children = (
				B69C11ED1EDF28FA002EAD7F /* CoreDataStack.swift */,
				B6F89F041ED5E687007DB860 /* AppDelegate.swift */,
				B6F89F0B1ED5E687007DB860 /* Assets.xcassets */,
				B6F89F0D1ED5E687007DB860 /* LaunchScreen.storyboard */,
				B6F89F101ED5E687007DB860 /* Info.plist */,
			);
			name = Resources;
			sourceTree = "<group>";
		};
		B6F89F441ED5F87D007DB860 /* ViewControllers */ = {
			isa = PBXGroup;
			children = (
				B6F89F181ED5EDCD007DB860 /* SongsTableViewController.swift */,
				B6F89F161ED5EDA7007DB860 /* PlaylistTableViewController.swift */,
			);
			name = ViewControllers;
			sourceTree = "<group>";
		};
/* End PBXGroup section */

/* Begin PBXNativeTarget section */
		B6F89F001ED5E687007DB860 /* Playlist */ = {
			isa = PBXNativeTarget;
			buildConfigurationList = B6F89F131ED5E687007DB860 /* Build configuration list for PBXNativeTarget "Playlist" */;
			buildPhases = (
				B6F89EFD1ED5E687007DB860 /* Sources */,
				B6F89EFE1ED5E687007DB860 /* Frameworks */,
				B6F89EFF1ED5E687007DB860 /* Resources */,
			);
			buildRules = (
			);
			dependencies = (
			);
			name = Playlist;
			productName = Playlist;
			productReference = B6F89F011ED5E687007DB860 /* Playlist.app */;
			productType = "com.apple.product-type.application";
		};
/* End PBXNativeTarget section */

/* Begin PBXProject section */
		B6F89EF91ED5E687007DB860 /* Project object */ = {
			isa = PBXProject;
			attributes = {
				LastSwiftUpdateCheck = 0830;
				LastUpgradeCheck = 0830;
				ORGANIZATIONNAME = "Collin Cannavo";
				TargetAttributes = {
					B6F89F001ED5E687007DB860 = {
						CreatedOnToolsVersion = 8.3.2;
						DevelopmentTeam = X458A5BXZ4;
						ProvisioningStyle = Automatic;
					};
				};
			};
			buildConfigurationList = B6F89EFC1ED5E687007DB860 /* Build configuration list for PBXProject "Playlist" */;
			compatibilityVersion = "Xcode 3.2";
			developmentRegion = English;
			hasScannedForEncodings = 0;
			knownRegions = (
				en,
				Base,
			);
			mainGroup = B6F89EF81ED5E687007DB860;
			productRefGroup = B6F89F021ED5E687007DB860 /* Products */;
			projectDirPath = "";
			projectRoot = "";
			targets = (
				B6F89F001ED5E687007DB860 /* Playlist */,
			);
		};
/* End PBXProject section */

/* Begin PBXResourcesBuildPhase section */
		B6F89EFF1ED5E687007DB860 /* Resources */ = {
			isa = PBXResourcesBuildPhase;
			buildActionMask = 2147483647;
			files = (
				B6F89F0F1ED5E687007DB860 /* LaunchScreen.storyboard in Resources */,
				B6F89F0C1ED5E687007DB860 /* Assets.xcassets in Resources */,
				B6F89F0A1ED5E687007DB860 /* Main.storyboard in Resources */,
			);
			runOnlyForDeploymentPostprocessing = 0;
		};
/* End PBXResourcesBuildPhase section */

/* Begin PBXSourcesBuildPhase section */
		B6F89EFD1ED5E687007DB860 /* Sources */ = {
			isa = PBXSourcesBuildPhase;
			buildActionMask = 2147483647;
			files = (
				B6F89F401ED5F805007DB860 /* SongController.swift in Sources */,
				B6F89F191ED5EDCD007DB860 /* SongsTableViewController.swift in Sources */,
				B6F89F051ED5E687007DB860 /* AppDelegate.swift in Sources */,
				B6F89F171ED5EDA7007DB860 /* PlaylistTableViewController.swift in Sources */,
				B6F89F481ED5F8DC007DB860 /* PlaylistController.swift in Sources */,
				B69C11F51EDF31D6002EAD7F /* Song+Convenience.swift in Sources */,
				B69C11EE1EDF28FA002EAD7F /* CoreDataStack.swift in Sources */,
				B69C11F11EDF2B87002EAD7F /* Playlist.xcdatamodeld in Sources */,
				B69C11F31EDF2F46002EAD7F /* Playlist+Convenience.swift in Sources */,
			);
			runOnlyForDeploymentPostprocessing = 0;
		};
/* End PBXSourcesBuildPhase section */

/* Begin PBXVariantGroup section */
		B6F89F081ED5E687007DB860 /* Main.storyboard */ = {
			isa = PBXVariantGroup;
			children = (
				B6F89F091ED5E687007DB860 /* Base */,
			);
			name = Main.storyboard;
			sourceTree = "<group>";
		};
		B6F89F0D1ED5E687007DB860 /* LaunchScreen.storyboard */ = {
			isa = PBXVariantGroup;
			children = (
				B6F89F0E1ED5E687007DB860 /* Base */,
			);
			name = LaunchScreen.storyboard;
			sourceTree = "<group>";
		};
/* End PBXVariantGroup section */

/* Begin XCBuildConfiguration section */
		B6F89F111ED5E687007DB860 /* Debug */ = {
			isa = XCBuildConfiguration;
			buildSettings = {
				ALWAYS_SEARCH_USER_PATHS = NO;
				CLANG_ANALYZER_NONNULL = YES;
				CLANG_ANALYZER_NUMBER_OBJECT_CONVERSION = YES_AGGRESSIVE;
				CLANG_CXX_LANGUAGE_STANDARD = "gnu++0x";
				CLANG_CXX_LIBRARY = "libc++";
				CLANG_ENABLE_MODULES = YES;
				CLANG_ENABLE_OBJC_ARC = YES;
				CLANG_WARN_BOOL_CONVERSION = YES;
				CLANG_WARN_CONSTANT_CONVERSION = YES;
				CLANG_WARN_DIRECT_OBJC_ISA_USAGE = YES_ERROR;
				CLANG_WARN_DOCUMENTATION_COMMENTS = YES;
				CLANG_WARN_EMPTY_BODY = YES;
				CLANG_WARN_ENUM_CONVERSION = YES;
				CLANG_WARN_INFINITE_RECURSION = YES;
				CLANG_WARN_INT_CONVERSION = YES;
				CLANG_WARN_OBJC_ROOT_CLASS = YES_ERROR;
				CLANG_WARN_SUSPICIOUS_MOVE = YES;
				CLANG_WARN_UNREACHABLE_CODE = YES;
				CLANG_WARN__DUPLICATE_METHOD_MATCH = YES;
				"CODE_SIGN_IDENTITY[sdk=iphoneos*]" = "iPhone Developer";
				COPY_PHASE_STRIP = NO;
				DEBUG_INFORMATION_FORMAT = dwarf;
				ENABLE_STRICT_OBJC_MSGSEND = YES;
				ENABLE_TESTABILITY = YES;
				GCC_C_LANGUAGE_STANDARD = gnu99;
				GCC_DYNAMIC_NO_PIC = NO;
				GCC_NO_COMMON_BLOCKS = YES;
				GCC_OPTIMIZATION_LEVEL = 0;
				GCC_PREPROCESSOR_DEFINITIONS = (
					"DEBUG=1",
					"$(inherited)",
				);
				GCC_WARN_64_TO_32_BIT_CONVERSION = YES;
				GCC_WARN_ABOUT_RETURN_TYPE = YES_ERROR;
				GCC_WARN_UNDECLARED_SELECTOR = YES;
				GCC_WARN_UNINITIALIZED_AUTOS = YES_AGGRESSIVE;
				GCC_WARN_UNUSED_FUNCTION = YES;
				GCC_WARN_UNUSED_VARIABLE = YES;
				IPHONEOS_DEPLOYMENT_TARGET = 10.3;
				MTL_ENABLE_DEBUG_INFO = YES;
				ONLY_ACTIVE_ARCH = YES;
				SDKROOT = iphoneos;
				SWIFT_ACTIVE_COMPILATION_CONDITIONS = DEBUG;
				SWIFT_OPTIMIZATION_LEVEL = "-Onone";
				TARGETED_DEVICE_FAMILY = "1,2";
			};
			name = Debug;
		};
		B6F89F121ED5E687007DB860 /* Release */ = {
			isa = XCBuildConfiguration;
			buildSettings = {
				ALWAYS_SEARCH_USER_PATHS = NO;
				CLANG_ANALYZER_NONNULL = YES;
				CLANG_ANALYZER_NUMBER_OBJECT_CONVERSION = YES_AGGRESSIVE;
				CLANG_CXX_LANGUAGE_STANDARD = "gnu++0x";
				CLANG_CXX_LIBRARY = "libc++";
				CLANG_ENABLE_MODULES = YES;
				CLANG_ENABLE_OBJC_ARC = YES;
				CLANG_WARN_BOOL_CONVERSION = YES;
				CLANG_WARN_CONSTANT_CONVERSION = YES;
				CLANG_WARN_DIRECT_OBJC_ISA_USAGE = YES_ERROR;
				CLANG_WARN_DOCUMENTATION_COMMENTS = YES;
				CLANG_WARN_EMPTY_BODY = YES;
				CLANG_WARN_ENUM_CONVERSION = YES;
				CLANG_WARN_INFINITE_RECURSION = YES;
				CLANG_WARN_INT_CONVERSION = YES;
				CLANG_WARN_OBJC_ROOT_CLASS = YES_ERROR;
				CLANG_WARN_SUSPICIOUS_MOVE = YES;
				CLANG_WARN_UNREACHABLE_CODE = YES;
				CLANG_WARN__DUPLICATE_METHOD_MATCH = YES;
				"CODE_SIGN_IDENTITY[sdk=iphoneos*]" = "iPhone Developer";
				COPY_PHASE_STRIP = NO;
				DEBUG_INFORMATION_FORMAT = "dwarf-with-dsym";
				ENABLE_NS_ASSERTIONS = NO;
				ENABLE_STRICT_OBJC_MSGSEND = YES;
				GCC_C_LANGUAGE_STANDARD = gnu99;
				GCC_NO_COMMON_BLOCKS = YES;
				GCC_WARN_64_TO_32_BIT_CONVERSION = YES;
				GCC_WARN_ABOUT_RETURN_TYPE = YES_ERROR;
				GCC_WARN_UNDECLARED_SELECTOR = YES;
				GCC_WARN_UNINITIALIZED_AUTOS = YES_AGGRESSIVE;
				GCC_WARN_UNUSED_FUNCTION = YES;
				GCC_WARN_UNUSED_VARIABLE = YES;
				IPHONEOS_DEPLOYMENT_TARGET = 10.3;
				MTL_ENABLE_DEBUG_INFO = NO;
				SDKROOT = iphoneos;
				SWIFT_OPTIMIZATION_LEVEL = "-Owholemodule";
				TARGETED_DEVICE_FAMILY = "1,2";
				VALIDATE_PRODUCT = YES;
			};
			name = Release;
		};
		B6F89F141ED5E687007DB860 /* Debug */ = {
			isa = XCBuildConfiguration;
			buildSettings = {
				ASSETCATALOG_COMPILER_APPICON_NAME = AppIcon;
				DEVELOPMENT_TEAM = X458A5BXZ4;
				INFOPLIST_FILE = Playlist/Info.plist;
				LD_RUNPATH_SEARCH_PATHS = "$(inherited) @executable_path/Frameworks";
				PRODUCT_BUNDLE_IDENTIFIER = com.collincannavo.Playlist;
				PRODUCT_NAME = "$(TARGET_NAME)";
				SWIFT_VERSION = 3.0;
			};
			name = Debug;
		};
		B6F89F151ED5E687007DB860 /* Release */ = {
			isa = XCBuildConfiguration;
			buildSettings = {
				ASSETCATALOG_COMPILER_APPICON_NAME = AppIcon;
				DEVELOPMENT_TEAM = X458A5BXZ4;
				INFOPLIST_FILE = Playlist/Info.plist;
				LD_RUNPATH_SEARCH_PATHS = "$(inherited) @executable_path/Frameworks";
				PRODUCT_BUNDLE_IDENTIFIER = com.collincannavo.Playlist;
				PRODUCT_NAME = "$(TARGET_NAME)";
				SWIFT_VERSION = 3.0;
			};
			name = Release;
		};
/* End XCBuildConfiguration section */

/* Begin XCConfigurationList section */
		B6F89EFC1ED5E687007DB860 /* Build configuration list for PBXProject "Playlist" */ = {
			isa = XCConfigurationList;
			buildConfigurations = (
				B6F89F111ED5E687007DB860 /* Debug */,
				B6F89F121ED5E687007DB860 /* Release */,
			);
			defaultConfigurationIsVisible = 0;
			defaultConfigurationName = Release;
		};
		B6F89F131ED5E687007DB860 /* Build configuration list for PBXNativeTarget "Playlist" */ = {
			isa = XCConfigurationList;
			buildConfigurations = (
				B6F89F141ED5E687007DB860 /* Debug */,
				B6F89F151ED5E687007DB860 /* Release */,
			);
			defaultConfigurationIsVisible = 0;
			defaultConfigurationName = Release;
		};
/* End XCConfigurationList section */

/* Begin XCVersionGroup section */
		B69C11EF1EDF2B87002EAD7F /* Playlist.xcdatamodeld */ = {
			isa = XCVersionGroup;
			children = (
				B69C11F01EDF2B87002EAD7F /* Playlist.xcdatamodel */,
			);
			currentVersion = B69C11F01EDF2B87002EAD7F /* Playlist.xcdatamodel */;
			path = Playlist.xcdatamodeld;
			sourceTree = "<group>";
			versionGroupType = wrapper.xcdatamodel;
		};
/* End XCVersionGroup section */
	};
	rootObject = B6F89EF91ED5E687007DB860 /* Project object */;
}
